
Microsoft Visual Studio Solution File, Format Version 12.00
# Visual Studio Version 17
VisualStudioVersion = 17.4.33122.133
MinimumVisualStudioVersion = 10.0.40219.1
Project("{FAE04EC0-301F-11D3-BF4B-00C04F79EFBC}") = "BlazorDB", "BlazorDB\BlazorDB.csproj", "{FF0E938E-3F21-4FBF-B7B7-30C03E43E8B7}"
EndProject
Global
	GlobalSection(SolutionConfigurationPlatforms) = preSolution
		Debug|Any CPU = Debug|Any CPU
		Release|Any CPU = Release|Any CPU
	EndGlobalSection
	GlobalSection(ProjectConfigurationPlatforms) = postSolution
		{FF0E938E-3F21-4FBF-B7B7-30C03E43E8B7}.Debug|Any CPU.ActiveCfg = Debug|Any CPU
		{FF0E938E-3F21-4FBF-B7B7-30C03E43E8B7}.Debug|Any CPU.Build.0 = Debug|Any CPU
		{FF0E938E-3F21-4FBF-B7B7-30C03E43E8B7}.Release|Any CPU.ActiveCfg = Release|Any CPU
		{FF0E938E-3F21-4FBF-B7B7-30C03E43E8B7}.Release|Any CPU.Build.0 = Release|Any CPU
	EndGlobalSection
	GlobalSection(SolutionProperties) = preSolution
		HideSolutionNode = FALSE
	EndGlobalSection
	GlobalSection(ExtensibilityGlobals) = postSolution
		SolutionGuid = {8CC63F50-AD9C-4A07-9AB5-187F0B424914}
	EndGlobalSection
EndGlobal
